
Microsoft Visual Studio Solution File, Format Version 12.00
# Visual Studio Version 17
VisualStudioVersion = 17.5.33209.295
MinimumVisualStudioVersion = 10.0.40219.1
Project("{9A19103F-16F7-4668-BE54-9A1E7A4F7556}") = "Pix2d.Desktop", "PlatformHeads\Desktop\Pix2d.Desktop\Pix2d.Desktop.csproj", "{49791FFA-8106-461E-8B99-90E016E74655}"
EndProject
Project("{2150E333-8FDC-42A3-9474-1A3956D46DE8}") = "Plugins", "Plugins", "{95A2E6E2-F44C-4D1F-93D8-E7513936E662}"
EndProject
Project("{9A19103F-16F7-4668-BE54-9A1E7A4F7556}") = "Pix2d.Plugins.Ai", "Plugins\Pix2d.Plugins.Ai\Pix2d.Plugins.Ai.csproj", "{BA7535D1-B8AE-4587-BE2A-2F88E77499EC}"
EndProject
Project("{2150E333-8FDC-42A3-9474-1A3956D46DE8}") = "Heads", "Heads", "{5FEEA7F9-BD04-4B27-86EC-0620396C37E3}"
EndProject
Project("{9A19103F-16F7-4668-BE54-9A1E7A4F7556}") = "Pix2d.Shared", "Core\Pix2d.Shared\Pix2d.Shared.csproj", "{A0238E85-481F-468D-B640-7E993E3DCEF8}"
EndProject
Project("{9A19103F-16F7-4668-BE54-9A1E7A4F7556}") = "Pix2d.Core", "Core\Pix2d\Pix2d.Core.csproj", "{AA2E5082-0BEE-48E7-B7C0-1F36EE657905}"
EndProject
Project("{9A19103F-16F7-4668-BE54-9A1E7A4F7556}") = "Pix2d.Android", "PlatformHeads\Pix2d.Android\Pix2d.Android.csproj", "{3453A519-A81A-4500-BEE3-E174847F144D}"
EndProject
Project("{9A19103F-16F7-4668-BE54-9A1E7A4F7556}") = "Pix2d.Browser", "PlatformHeads\Pix2d.Browser\Pix2d.Browser.csproj", "{98503B44-F224-4807-85C0-DBB977E165D3}"
EndProject
Project("{D954291E-2A0B-460D-934E-DC6B0785DB48}") = "Pix2d.Desktop.Shared", "PlatformHeads\Desktop\Pix2d.Desktop.Shared\Pix2d.Desktop.Shared.shproj", "{32F56D57-853E-48C9-8A4E-B57E55845A22}"
EndProject
Project("{9A19103F-16F7-4668-BE54-9A1E7A4F7556}") = "Pix2d.UI", "Core\Pix2d.UI\Pix2d.UI.csproj", "{26B55533-489E-46C7-8A03-EF941EE230C3}"
EndProject
Project("{2150E333-8FDC-42A3-9474-1A3956D46DE8}") = "Desktop", "Desktop", "{AD59EA50-8B3B-4009-8EAA-543379C57DB0}"
EndProject
Project("{9A19103F-16F7-4668-BE54-9A1E7A4F7556}") = "Pix2d.Desktop.Windows", "PlatformHeads\Desktop\Pix2d.Desktop.Windows\Pix2d.Desktop.Windows.csproj", "{65378D84-53F8-4A33-AEF6-FF3745AAAC00}"
EndProject
Project("{9A19103F-16F7-4668-BE54-9A1E7A4F7556}") = "Pix2d.Desktop.WindowsStore", "PlatformHeads\Desktop\Pix2d.Desktop.WindowsStore\Pix2d.Desktop.WindowsStore.csproj", "{2711A5A9-7569-4F67-BF82-2C6F16A0321F}"
EndProject
Project("{C7167F0D-BC9F-4E6E-AFE1-012C56B48DB5}") = "Pix2d.Desktop.WindowsStore.Wap", "PlatformHeads\Desktop\Pix2d.Desktop.WindowsStore.Wap\Pix2d.Desktop.WindowsStore.Wap.wapproj", "{898F3C67-DAB4-4B73-845B-479E122B729B}"
EndProject
Project("{2150E333-8FDC-42A3-9474-1A3956D46DE8}") = "GlobalStuff", "GlobalStuff", "{408E1C7B-5DCA-4EE5-877B-72D3E772901C}"
	ProjectSection(SolutionItems) = preProject
		..\IntegrationScripts\build-setup.cmd = ..\IntegrationScripts\build-setup.cmd
		Directory.Build.props = Directory.Build.props
		nuget.config = nuget.config
		..\IntegrationScripts\setup.iss = ..\IntegrationScripts\setup.iss
	EndProjectSection
EndProject
Project("{9A19103F-16F7-4668-BE54-9A1E7A4F7556}") = "Pix2d.Plugins.PixelText", "Plugins\Pix2d.Plugins.PixelText\Pix2d.Plugins.PixelText\Pix2d.Plugins.PixelText.csproj", "{03701459-763E-4B3A-ACD7-17CB487B026C}"
EndProject
Project("{9A19103F-16F7-4668-BE54-9A1E7A4F7556}") = "Pix2d.Core.Tests", "Tests\Pix2d.Core.Tests\Pix2d.Core.Tests.csproj", "{80152140-2300-4314-8AE3-F4A3E9C386AC}"
EndProject
Project("{9A19103F-16F7-4668-BE54-9A1E7A4F7556}") = "Pix2d.Desktop.Mac", "PlatformHeads\Desktop\Pix2d.Desktop.Mac\Pix2d.Desktop.Mac.csproj", "{3357518D-AD38-4937-BB6A-FCAF7D47C0D3}"
EndProject
Project("{2150E333-8FDC-42A3-9474-1A3956D46DE8}") = "Core", "Core", "{50A4C528-21EE-4557-A298-B36006AEC4F8}"
EndProject
Project("{9A19103F-16F7-4668-BE54-9A1E7A4F7556}") = "Pix2d.iOS", "PlatformHeads\Pix2d.iOS\Pix2d.iOS.csproj", "{AF147AD7-9FD4-4E4A-9D1F-0B5E94630CA4}"
EndProject
Global
	GlobalSection(SolutionConfigurationPlatforms) = preSolution
		Debug|Any CPU = Debug|Any CPU
		Debug|ARM64 = Debug|ARM64
		Debug|x64 = Debug|x64
		Debug|x86 = Debug|x86
		Release|Any CPU = Release|Any CPU
		Release|ARM64 = Release|ARM64
		Release|x64 = Release|x64
		Release|x86 = Release|x86
	EndGlobalSection
	GlobalSection(ProjectConfigurationPlatforms) = postSolution
		{49791FFA-8106-461E-8B99-90E016E74655}.Debug|Any CPU.ActiveCfg = Debug|Any CPU
		{49791FFA-8106-461E-8B99-90E016E74655}.Debug|Any CPU.Build.0 = Debug|Any CPU
		{49791FFA-8106-461E-8B99-90E016E74655}.Debug|ARM64.ActiveCfg = Debug|ARM64
		{49791FFA-8106-461E-8B99-90E016E74655}.Debug|ARM64.Build.0 = Debug|ARM64
		{49791FFA-8106-461E-8B99-90E016E74655}.Debug|x64.ActiveCfg = Debug|x64
		{49791FFA-8106-461E-8B99-90E016E74655}.Debug|x64.Build.0 = Debug|x64
		{49791FFA-8106-461E-8B99-90E016E74655}.Debug|x86.ActiveCfg = Debug|x86
		{49791FFA-8106-461E-8B99-90E016E74655}.Debug|x86.Build.0 = Debug|x86
		{49791FFA-8106-461E-8B99-90E016E74655}.Release|Any CPU.ActiveCfg = Release|Any CPU
		{49791FFA-8106-461E-8B99-90E016E74655}.Release|Any CPU.Build.0 = Release|Any CPU
		{49791FFA-8106-461E-8B99-90E016E74655}.Release|ARM64.ActiveCfg = Release|ARM64
		{49791FFA-8106-461E-8B99-90E016E74655}.Release|ARM64.Build.0 = Release|ARM64
		{49791FFA-8106-461E-8B99-90E016E74655}.Release|x64.ActiveCfg = Release|x64
		{49791FFA-8106-461E-8B99-90E016E74655}.Release|x64.Build.0 = Release|x64
		{49791FFA-8106-461E-8B99-90E016E74655}.Release|x86.ActiveCfg = Release|x86
		{49791FFA-8106-461E-8B99-90E016E74655}.Release|x86.Build.0 = Release|x86
		{BA7535D1-B8AE-4587-BE2A-2F88E77499EC}.Debug|Any CPU.ActiveCfg = Debug|Any CPU
		{BA7535D1-B8AE-4587-BE2A-2F88E77499EC}.Debug|Any CPU.Build.0 = Debug|Any CPU
		{BA7535D1-B8AE-4587-BE2A-2F88E77499EC}.Debug|ARM64.ActiveCfg = Debug|ARM64
		{BA7535D1-B8AE-4587-BE2A-2F88E77499EC}.Debug|ARM64.Build.0 = Debug|ARM64
		{BA7535D1-B8AE-4587-BE2A-2F88E77499EC}.Debug|x64.ActiveCfg = Debug|x64
		{BA7535D1-B8AE-4587-BE2A-2F88E77499EC}.Debug|x64.Build.0 = Debug|x64
		{BA7535D1-B8AE-4587-BE2A-2F88E77499EC}.Debug|x86.ActiveCfg = Debug|x86
		{BA7535D1-B8AE-4587-BE2A-2F88E77499EC}.Debug|x86.Build.0 = Debug|x86
		{BA7535D1-B8AE-4587-BE2A-2F88E77499EC}.Release|Any CPU.ActiveCfg = Release|Any CPU
		{BA7535D1-B8AE-4587-BE2A-2F88E77499EC}.Release|Any CPU.Build.0 = Release|Any CPU
		{BA7535D1-B8AE-4587-BE2A-2F88E77499EC}.Release|ARM64.ActiveCfg = Release|ARM64
		{BA7535D1-B8AE-4587-BE2A-2F88E77499EC}.Release|ARM64.Build.0 = Release|ARM64
		{BA7535D1-B8AE-4587-BE2A-2F88E77499EC}.Release|x64.ActiveCfg = Release|x64
		{BA7535D1-B8AE-4587-BE2A-2F88E77499EC}.Release|x64.Build.0 = Release|x64
		{BA7535D1-B8AE-4587-BE2A-2F88E77499EC}.Release|x86.ActiveCfg = Release|x86
		{BA7535D1-B8AE-4587-BE2A-2F88E77499EC}.Release|x86.Build.0 = Release|x86
		{A0238E85-481F-468D-B640-7E993E3DCEF8}.Debug|Any CPU.ActiveCfg = Debug|Any CPU
		{A0238E85-481F-468D-B640-7E993E3DCEF8}.Debug|Any CPU.Build.0 = Debug|Any CPU
		{A0238E85-481F-468D-B640-7E993E3DCEF8}.Debug|ARM64.ActiveCfg = Debug|ARM64
		{A0238E85-481F-468D-B640-7E993E3DCEF8}.Debug|ARM64.Build.0 = Debug|ARM64
		{A0238E85-481F-468D-B640-7E993E3DCEF8}.Debug|x64.ActiveCfg = Debug|x64
		{A0238E85-481F-468D-B640-7E993E3DCEF8}.Debug|x64.Build.0 = Debug|x64
		{A0238E85-481F-468D-B640-7E993E3DCEF8}.Debug|x86.ActiveCfg = Debug|x86
		{A0238E85-481F-468D-B640-7E993E3DCEF8}.Debug|x86.Build.0 = Debug|x86
		{A0238E85-481F-468D-B640-7E993E3DCEF8}.Release|Any CPU.ActiveCfg = Release|Any CPU
		{A0238E85-481F-468D-B640-7E993E3DCEF8}.Release|Any CPU.Build.0 = Release|Any CPU
		{A0238E85-481F-468D-B640-7E993E3DCEF8}.Release|ARM64.ActiveCfg = Release|ARM64
		{A0238E85-481F-468D-B640-7E993E3DCEF8}.Release|ARM64.Build.0 = Release|ARM64
		{A0238E85-481F-468D-B640-7E993E3DCEF8}.Release|x64.ActiveCfg = Release|x64
		{A0238E85-481F-468D-B640-7E993E3DCEF8}.Release|x64.Build.0 = Release|x64
		{A0238E85-481F-468D-B640-7E993E3DCEF8}.Release|x86.ActiveCfg = Release|x86
		{A0238E85-481F-468D-B640-7E993E3DCEF8}.Release|x86.Build.0 = Release|x86
		{AA2E5082-0BEE-48E7-B7C0-1F36EE657905}.Debug|Any CPU.ActiveCfg = Debug|Any CPU
		{AA2E5082-0BEE-48E7-B7C0-1F36EE657905}.Debug|Any CPU.Build.0 = Debug|Any CPU
		{AA2E5082-0BEE-48E7-B7C0-1F36EE657905}.Debug|ARM64.ActiveCfg = Debug|ARM64
		{AA2E5082-0BEE-48E7-B7C0-1F36EE657905}.Debug|ARM64.Build.0 = Debug|ARM64
		{AA2E5082-0BEE-48E7-B7C0-1F36EE657905}.Debug|x64.ActiveCfg = Debug|x64
		{AA2E5082-0BEE-48E7-B7C0-1F36EE657905}.Debug|x64.Build.0 = Debug|x64
		{AA2E5082-0BEE-48E7-B7C0-1F36EE657905}.Debug|x86.ActiveCfg = Debug|x86
		{AA2E5082-0BEE-48E7-B7C0-1F36EE657905}.Debug|x86.Build.0 = Debug|x86
		{AA2E5082-0BEE-48E7-B7C0-1F36EE657905}.Release|Any CPU.ActiveCfg = Release|Any CPU
		{AA2E5082-0BEE-48E7-B7C0-1F36EE657905}.Release|Any CPU.Build.0 = Release|Any CPU
		{AA2E5082-0BEE-48E7-B7C0-1F36EE657905}.Release|ARM64.ActiveCfg = Release|ARM64
		{AA2E5082-0BEE-48E7-B7C0-1F36EE657905}.Release|ARM64.Build.0 = Release|ARM64
		{AA2E5082-0BEE-48E7-B7C0-1F36EE657905}.Release|x64.ActiveCfg = Release|x64
		{AA2E5082-0BEE-48E7-B7C0-1F36EE657905}.Release|x64.Build.0 = Release|x64
		{AA2E5082-0BEE-48E7-B7C0-1F36EE657905}.Release|x86.ActiveCfg = Release|x86
		{AA2E5082-0BEE-48E7-B7C0-1F36EE657905}.Release|x86.Build.0 = Release|x86
		{3453A519-A81A-4500-BEE3-E174847F144D}.Debug|Any CPU.ActiveCfg = Debug|Any CPU
		{3453A519-A81A-4500-BEE3-E174847F144D}.Debug|Any CPU.Build.0 = Debug|Any CPU
		{3453A519-A81A-4500-BEE3-E174847F144D}.Debug|Any CPU.Deploy.0 = Debug|Any CPU
		{3453A519-A81A-4500-BEE3-E174847F144D}.Debug|ARM64.ActiveCfg = Debug|Any CPU
		{3453A519-A81A-4500-BEE3-E174847F144D}.Debug|ARM64.Build.0 = Debug|Any CPU
		{3453A519-A81A-4500-BEE3-E174847F144D}.Debug|ARM64.Deploy.0 = Debug|Any CPU
		{3453A519-A81A-4500-BEE3-E174847F144D}.Debug|x64.ActiveCfg = Debug|Any CPU
		{3453A519-A81A-4500-BEE3-E174847F144D}.Debug|x64.Build.0 = Debug|Any CPU
		{3453A519-A81A-4500-BEE3-E174847F144D}.Debug|x64.Deploy.0 = Debug|Any CPU
		{3453A519-A81A-4500-BEE3-E174847F144D}.Debug|x86.ActiveCfg = Debug|x86
		{3453A519-A81A-4500-BEE3-E174847F144D}.Debug|x86.Build.0 = Debug|x86
		{3453A519-A81A-4500-BEE3-E174847F144D}.Debug|x86.Deploy.0 = Debug|x86
		{3453A519-A81A-4500-BEE3-E174847F144D}.Release|Any CPU.ActiveCfg = Release|Any CPU
		{3453A519-A81A-4500-BEE3-E174847F144D}.Release|Any CPU.Build.0 = Release|Any CPU
		{3453A519-A81A-4500-BEE3-E174847F144D}.Release|Any CPU.Deploy.0 = Release|Any CPU
		{3453A519-A81A-4500-BEE3-E174847F144D}.Release|ARM64.ActiveCfg = Release|Any CPU
		{3453A519-A81A-4500-BEE3-E174847F144D}.Release|ARM64.Build.0 = Release|Any CPU
		{3453A519-A81A-4500-BEE3-E174847F144D}.Release|ARM64.Deploy.0 = Release|Any CPU
		{3453A519-A81A-4500-BEE3-E174847F144D}.Release|x64.ActiveCfg = Release|Any CPU
		{3453A519-A81A-4500-BEE3-E174847F144D}.Release|x64.Build.0 = Release|Any CPU
		{3453A519-A81A-4500-BEE3-E174847F144D}.Release|x64.Deploy.0 = Release|Any CPU
		{3453A519-A81A-4500-BEE3-E174847F144D}.Release|x86.ActiveCfg = Release|Any CPU
		{3453A519-A81A-4500-BEE3-E174847F144D}.Release|x86.Build.0 = Release|Any CPU
		{3453A519-A81A-4500-BEE3-E174847F144D}.Release|x86.Deploy.0 = Release|Any CPU
		{98503B44-F224-4807-85C0-DBB977E165D3}.Debug|Any CPU.ActiveCfg = Debug|Any CPU
		{98503B44-F224-4807-85C0-DBB977E165D3}.Debug|Any CPU.Build.0 = Debug|Any CPU
		{98503B44-F224-4807-85C0-DBB977E165D3}.Debug|ARM64.ActiveCfg = Debug|Any CPU
		{98503B44-F224-4807-85C0-DBB977E165D3}.Debug|ARM64.Build.0 = Debug|Any CPU
		{98503B44-F224-4807-85C0-DBB977E165D3}.Debug|x64.ActiveCfg = Debug|Any CPU
		{98503B44-F224-4807-85C0-DBB977E165D3}.Debug|x64.Build.0 = Debug|Any CPU
		{98503B44-F224-4807-85C0-DBB977E165D3}.Debug|x86.ActiveCfg = Debug|Any CPU
		{98503B44-F224-4807-85C0-DBB977E165D3}.Debug|x86.Build.0 = Debug|Any CPU
		{98503B44-F224-4807-85C0-DBB977E165D3}.Release|Any CPU.ActiveCfg = Release|Any CPU
		{98503B44-F224-4807-85C0-DBB977E165D3}.Release|Any CPU.Build.0 = Release|Any CPU
		{98503B44-F224-4807-85C0-DBB977E165D3}.Release|ARM64.ActiveCfg = Release|Any CPU
		{98503B44-F224-4807-85C0-DBB977E165D3}.Release|ARM64.Build.0 = Release|Any CPU
		{98503B44-F224-4807-85C0-DBB977E165D3}.Release|x64.ActiveCfg = Release|Any CPU
		{98503B44-F224-4807-85C0-DBB977E165D3}.Release|x64.Build.0 = Release|Any CPU
		{98503B44-F224-4807-85C0-DBB977E165D3}.Release|x86.ActiveCfg = Release|Any CPU
		{98503B44-F224-4807-85C0-DBB977E165D3}.Release|x86.Build.0 = Release|Any CPU
		{26B55533-489E-46C7-8A03-EF941EE230C3}.Debug|Any CPU.ActiveCfg = Debug|Any CPU
		{26B55533-489E-46C7-8A03-EF941EE230C3}.Debug|Any CPU.Build.0 = Debug|Any CPU
		{26B55533-489E-46C7-8A03-EF941EE230C3}.Debug|ARM64.ActiveCfg = Debug|ARM64
		{26B55533-489E-46C7-8A03-EF941EE230C3}.Debug|ARM64.Build.0 = Debug|ARM64
		{26B55533-489E-46C7-8A03-EF941EE230C3}.Debug|x64.ActiveCfg = Debug|x64
		{26B55533-489E-46C7-8A03-EF941EE230C3}.Debug|x64.Build.0 = Debug|x64
		{26B55533-489E-46C7-8A03-EF941EE230C3}.Debug|x86.ActiveCfg = Debug|x86
		{26B55533-489E-46C7-8A03-EF941EE230C3}.Debug|x86.Build.0 = Debug|x86
		{26B55533-489E-46C7-8A03-EF941EE230C3}.Release|Any CPU.ActiveCfg = Release|Any CPU
		{26B55533-489E-46C7-8A03-EF941EE230C3}.Release|Any CPU.Build.0 = Release|Any CPU
		{26B55533-489E-46C7-8A03-EF941EE230C3}.Release|ARM64.ActiveCfg = Release|ARM64
		{26B55533-489E-46C7-8A03-EF941EE230C3}.Release|ARM64.Build.0 = Release|ARM64
		{26B55533-489E-46C7-8A03-EF941EE230C3}.Release|x64.ActiveCfg = Release|x64
		{26B55533-489E-46C7-8A03-EF941EE230C3}.Release|x64.Build.0 = Release|x64
		{26B55533-489E-46C7-8A03-EF941EE230C3}.Release|x86.ActiveCfg = Release|x86
		{26B55533-489E-46C7-8A03-EF941EE230C3}.Release|x86.Build.0 = Release|x86
		{65378D84-53F8-4A33-AEF6-FF3745AAAC00}.Debug|Any CPU.ActiveCfg = Debug|Any CPU
		{65378D84-53F8-4A33-AEF6-FF3745AAAC00}.Debug|Any CPU.Build.0 = Debug|Any CPU
		{65378D84-53F8-4A33-AEF6-FF3745AAAC00}.Debug|ARM64.ActiveCfg = Debug|Any CPU
		{65378D84-53F8-4A33-AEF6-FF3745AAAC00}.Debug|ARM64.Build.0 = Debug|Any CPU
		{65378D84-53F8-4A33-AEF6-FF3745AAAC00}.Debug|x64.ActiveCfg = Debug|Any CPU
		{65378D84-53F8-4A33-AEF6-FF3745AAAC00}.Debug|x64.Build.0 = Debug|Any CPU
		{65378D84-53F8-4A33-AEF6-FF3745AAAC00}.Debug|x86.ActiveCfg = Debug|Any CPU
		{65378D84-53F8-4A33-AEF6-FF3745AAAC00}.Debug|x86.Build.0 = Debug|Any CPU
		{65378D84-53F8-4A33-AEF6-FF3745AAAC00}.Release|Any CPU.ActiveCfg = Release|Any CPU
		{65378D84-53F8-4A33-AEF6-FF3745AAAC00}.Release|Any CPU.Build.0 = Release|Any CPU
		{65378D84-53F8-4A33-AEF6-FF3745AAAC00}.Release|ARM64.ActiveCfg = Release|ARM64
		{65378D84-53F8-4A33-AEF6-FF3745AAAC00}.Release|ARM64.Build.0 = Release|ARM64
		{65378D84-53F8-4A33-AEF6-FF3745AAAC00}.Release|x64.ActiveCfg = Release|x64
		{65378D84-53F8-4A33-AEF6-FF3745AAAC00}.Release|x64.Build.0 = Release|x64
		{65378D84-53F8-4A33-AEF6-FF3745AAAC00}.Release|x86.ActiveCfg = Release|x86
		{65378D84-53F8-4A33-AEF6-FF3745AAAC00}.Release|x86.Build.0 = Release|x86
		{2711A5A9-7569-4F67-BF82-2C6F16A0321F}.Debug|Any CPU.ActiveCfg = Debug|Any CPU
		{2711A5A9-7569-4F67-BF82-2C6F16A0321F}.Debug|Any CPU.Build.0 = Debug|Any CPU
		{2711A5A9-7569-4F67-BF82-2C6F16A0321F}.Debug|ARM64.ActiveCfg = Debug|ARM64
		{2711A5A9-7569-4F67-BF82-2C6F16A0321F}.Debug|ARM64.Build.0 = Debug|ARM64
		{2711A5A9-7569-4F67-BF82-2C6F16A0321F}.Debug|x64.ActiveCfg = Debug|x64
		{2711A5A9-7569-4F67-BF82-2C6F16A0321F}.Debug|x64.Build.0 = Debug|x64
		{2711A5A9-7569-4F67-BF82-2C6F16A0321F}.Debug|x86.ActiveCfg = Debug|x86
		{2711A5A9-7569-4F67-BF82-2C6F16A0321F}.Debug|x86.Build.0 = Debug|x86
		{2711A5A9-7569-4F67-BF82-2C6F16A0321F}.Release|Any CPU.ActiveCfg = Release|Any CPU
		{2711A5A9-7569-4F67-BF82-2C6F16A0321F}.Release|Any CPU.Build.0 = Release|Any CPU
		{2711A5A9-7569-4F67-BF82-2C6F16A0321F}.Release|ARM64.ActiveCfg = Release|ARM64
		{2711A5A9-7569-4F67-BF82-2C6F16A0321F}.Release|ARM64.Build.0 = Release|ARM64
		{2711A5A9-7569-4F67-BF82-2C6F16A0321F}.Release|x64.ActiveCfg = Release|x64
		{2711A5A9-7569-4F67-BF82-2C6F16A0321F}.Release|x64.Build.0 = Release|x64
		{2711A5A9-7569-4F67-BF82-2C6F16A0321F}.Release|x86.ActiveCfg = Release|x86
		{2711A5A9-7569-4F67-BF82-2C6F16A0321F}.Release|x86.Build.0 = Release|x86
		{898F3C67-DAB4-4B73-845B-479E122B729B}.Debug|Any CPU.ActiveCfg = Debug|Any CPU
		{898F3C67-DAB4-4B73-845B-479E122B729B}.Debug|Any CPU.Build.0 = Debug|Any CPU
		{898F3C67-DAB4-4B73-845B-479E122B729B}.Debug|Any CPU.Deploy.0 = Debug|Any CPU
		{898F3C67-DAB4-4B73-845B-479E122B729B}.Debug|ARM64.ActiveCfg = Debug|ARM64
		{898F3C67-DAB4-4B73-845B-479E122B729B}.Debug|ARM64.Build.0 = Debug|ARM64
		{898F3C67-DAB4-4B73-845B-479E122B729B}.Debug|ARM64.Deploy.0 = Debug|ARM64
		{898F3C67-DAB4-4B73-845B-479E122B729B}.Debug|x64.ActiveCfg = Debug|x64
		{898F3C67-DAB4-4B73-845B-479E122B729B}.Debug|x64.Build.0 = Debug|x64
		{898F3C67-DAB4-4B73-845B-479E122B729B}.Debug|x64.Deploy.0 = Debug|x64
		{898F3C67-DAB4-4B73-845B-479E122B729B}.Debug|x86.ActiveCfg = Debug|x86
		{898F3C67-DAB4-4B73-845B-479E122B729B}.Debug|x86.Build.0 = Debug|x86
		{898F3C67-DAB4-4B73-845B-479E122B729B}.Debug|x86.Deploy.0 = Debug|x86
		{898F3C67-DAB4-4B73-845B-479E122B729B}.Release|Any CPU.ActiveCfg = Release|Any CPU
		{898F3C67-DAB4-4B73-845B-479E122B729B}.Release|Any CPU.Build.0 = Release|Any CPU
		{898F3C67-DAB4-4B73-845B-479E122B729B}.Release|Any CPU.Deploy.0 = Release|Any CPU
		{898F3C67-DAB4-4B73-845B-479E122B729B}.Release|ARM64.ActiveCfg = Release|ARM64
		{898F3C67-DAB4-4B73-845B-479E122B729B}.Release|ARM64.Build.0 = Release|ARM64
		{898F3C67-DAB4-4B73-845B-479E122B729B}.Release|ARM64.Deploy.0 = Release|ARM64
		{898F3C67-DAB4-4B73-845B-479E122B729B}.Release|x64.ActiveCfg = Release|x64
		{898F3C67-DAB4-4B73-845B-479E122B729B}.Release|x64.Build.0 = Release|x64
		{898F3C67-DAB4-4B73-845B-479E122B729B}.Release|x64.Deploy.0 = Release|x64
		{898F3C67-DAB4-4B73-845B-479E122B729B}.Release|x86.ActiveCfg = Release|x86
		{898F3C67-DAB4-4B73-845B-479E122B729B}.Release|x86.Build.0 = Release|x86
		{898F3C67-DAB4-4B73-845B-479E122B729B}.Release|x86.Deploy.0 = Release|x86
		{03701459-763E-4B3A-ACD7-17CB487B026C}.Debug|Any CPU.ActiveCfg = Debug|Any CPU
		{03701459-763E-4B3A-ACD7-17CB487B026C}.Debug|Any CPU.Build.0 = Debug|Any CPU
		{03701459-763E-4B3A-ACD7-17CB487B026C}.Debug|ARM64.ActiveCfg = Debug|ARM64
		{03701459-763E-4B3A-ACD7-17CB487B026C}.Debug|ARM64.Build.0 = Debug|ARM64
		{03701459-763E-4B3A-ACD7-17CB487B026C}.Debug|x64.ActiveCfg = Debug|x64
		{03701459-763E-4B3A-ACD7-17CB487B026C}.Debug|x64.Build.0 = Debug|x64
		{03701459-763E-4B3A-ACD7-17CB487B026C}.Debug|x86.ActiveCfg = Debug|x86
		{03701459-763E-4B3A-ACD7-17CB487B026C}.Debug|x86.Build.0 = Debug|x86
		{03701459-763E-4B3A-ACD7-17CB487B026C}.Release|Any CPU.ActiveCfg = Release|Any CPU
		{03701459-763E-4B3A-ACD7-17CB487B026C}.Release|Any CPU.Build.0 = Release|Any CPU
		{03701459-763E-4B3A-ACD7-17CB487B026C}.Release|ARM64.ActiveCfg = Release|ARM64
		{03701459-763E-4B3A-ACD7-17CB487B026C}.Release|ARM64.Build.0 = Release|ARM64
		{03701459-763E-4B3A-ACD7-17CB487B026C}.Release|x64.ActiveCfg = Release|Any CPU
		{03701459-763E-4B3A-ACD7-17CB487B026C}.Release|x64.Build.0 = Release|Any CPU
		{03701459-763E-4B3A-ACD7-17CB487B026C}.Release|x86.ActiveCfg = Release|x86
		{03701459-763E-4B3A-ACD7-17CB487B026C}.Release|x86.Build.0 = Release|x86
		{80152140-2300-4314-8AE3-F4A3E9C386AC}.Debug|Any CPU.ActiveCfg = Debug|Any CPU
		{80152140-2300-4314-8AE3-F4A3E9C386AC}.Debug|Any CPU.Build.0 = Debug|Any CPU
		{80152140-2300-4314-8AE3-F4A3E9C386AC}.Debug|ARM64.ActiveCfg = Debug|Any CPU
		{80152140-2300-4314-8AE3-F4A3E9C386AC}.Debug|ARM64.Build.0 = Debug|Any CPU
		{80152140-2300-4314-8AE3-F4A3E9C386AC}.Debug|x64.ActiveCfg = Debug|Any CPU
		{80152140-2300-4314-8AE3-F4A3E9C386AC}.Debug|x64.Build.0 = Debug|Any CPU
		{80152140-2300-4314-8AE3-F4A3E9C386AC}.Debug|x86.ActiveCfg = Debug|Any CPU
		{80152140-2300-4314-8AE3-F4A3E9C386AC}.Debug|x86.Build.0 = Debug|Any CPU
		{80152140-2300-4314-8AE3-F4A3E9C386AC}.Release|Any CPU.ActiveCfg = Release|Any CPU
		{80152140-2300-4314-8AE3-F4A3E9C386AC}.Release|Any CPU.Build.0 = Release|Any CPU
		{80152140-2300-4314-8AE3-F4A3E9C386AC}.Release|ARM64.ActiveCfg = Release|Any CPU
		{80152140-2300-4314-8AE3-F4A3E9C386AC}.Release|ARM64.Build.0 = Release|Any CPU
		{80152140-2300-4314-8AE3-F4A3E9C386AC}.Release|x64.ActiveCfg = Release|Any CPU
		{80152140-2300-4314-8AE3-F4A3E9C386AC}.Release|x64.Build.0 = Release|Any CPU
		{80152140-2300-4314-8AE3-F4A3E9C386AC}.Release|x86.ActiveCfg = Release|Any CPU
		{80152140-2300-4314-8AE3-F4A3E9C386AC}.Release|x86.Build.0 = Release|Any CPU
		{3357518D-AD38-4937-BB6A-FCAF7D47C0D3}.Debug|Any CPU.ActiveCfg = Debug|Any CPU
		{3357518D-AD38-4937-BB6A-FCAF7D47C0D3}.Debug|Any CPU.Build.0 = Debug|Any CPU
		{3357518D-AD38-4937-BB6A-FCAF7D47C0D3}.Debug|ARM64.ActiveCfg = Debug|ARM64
		{3357518D-AD38-4937-BB6A-FCAF7D47C0D3}.Debug|ARM64.Build.0 = Debug|ARM64
		{3357518D-AD38-4937-BB6A-FCAF7D47C0D3}.Debug|x64.ActiveCfg = Debug|x64
		{3357518D-AD38-4937-BB6A-FCAF7D47C0D3}.Debug|x64.Build.0 = Debug|x64
		{3357518D-AD38-4937-BB6A-FCAF7D47C0D3}.Debug|x86.ActiveCfg = Debug|x86
		{3357518D-AD38-4937-BB6A-FCAF7D47C0D3}.Debug|x86.Build.0 = Debug|x86
		{3357518D-AD38-4937-BB6A-FCAF7D47C0D3}.Release|Any CPU.ActiveCfg = Release|Any CPU
		{3357518D-AD38-4937-BB6A-FCAF7D47C0D3}.Release|Any CPU.Build.0 = Release|Any CPU
		{3357518D-AD38-4937-BB6A-FCAF7D47C0D3}.Release|ARM64.ActiveCfg = Release|ARM64
		{3357518D-AD38-4937-BB6A-FCAF7D47C0D3}.Release|ARM64.Build.0 = Release|ARM64
		{3357518D-AD38-4937-BB6A-FCAF7D47C0D3}.Release|x64.ActiveCfg = Release|x64
		{3357518D-AD38-4937-BB6A-FCAF7D47C0D3}.Release|x64.Build.0 = Release|x64
		{3357518D-AD38-4937-BB6A-FCAF7D47C0D3}.Release|x86.ActiveCfg = Release|x86
		{3357518D-AD38-4937-BB6A-FCAF7D47C0D3}.Release|x86.Build.0 = Release|x86
		{AF147AD7-9FD4-4E4A-9D1F-0B5E94630CA4}.Debug|Any CPU.ActiveCfg = Debug|Any CPU
		{AF147AD7-9FD4-4E4A-9D1F-0B5E94630CA4}.Debug|Any CPU.Build.0 = Debug|Any CPU
		{AF147AD7-9FD4-4E4A-9D1F-0B5E94630CA4}.Debug|Any CPU.Deploy.0 = Debug|Any CPU
		{AF147AD7-9FD4-4E4A-9D1F-0B5E94630CA4}.Debug|ARM64.ActiveCfg = Debug|Any CPU
		{AF147AD7-9FD4-4E4A-9D1F-0B5E94630CA4}.Debug|ARM64.Build.0 = Debug|Any CPU
		{AF147AD7-9FD4-4E4A-9D1F-0B5E94630CA4}.Debug|ARM64.Deploy.0 = Debug|Any CPU
		{AF147AD7-9FD4-4E4A-9D1F-0B5E94630CA4}.Debug|x64.ActiveCfg = Debug|Any CPU
		{AF147AD7-9FD4-4E4A-9D1F-0B5E94630CA4}.Debug|x64.Build.0 = Debug|Any CPU
		{AF147AD7-9FD4-4E4A-9D1F-0B5E94630CA4}.Debug|x64.Deploy.0 = Debug|Any CPU
		{AF147AD7-9FD4-4E4A-9D1F-0B5E94630CA4}.Debug|x86.ActiveCfg = Debug|Any CPU
		{AF147AD7-9FD4-4E4A-9D1F-0B5E94630CA4}.Debug|x86.Build.0 = Debug|Any CPU
		{AF147AD7-9FD4-4E4A-9D1F-0B5E94630CA4}.Debug|x86.Deploy.0 = Debug|Any CPU
		{AF147AD7-9FD4-4E4A-9D1F-0B5E94630CA4}.Release|Any CPU.ActiveCfg = Release|Any CPU
		{AF147AD7-9FD4-4E4A-9D1F-0B5E94630CA4}.Release|Any CPU.Build.0 = Release|Any CPU
		{AF147AD7-9FD4-4E4A-9D1F-0B5E94630CA4}.Release|Any CPU.Deploy.0 = Release|Any CPU
		{AF147AD7-9FD4-4E4A-9D1F-0B5E94630CA4}.Release|ARM64.ActiveCfg = Release|Any CPU
		{AF147AD7-9FD4-4E4A-9D1F-0B5E94630CA4}.Release|ARM64.Build.0 = Release|Any CPU
		{AF147AD7-9FD4-4E4A-9D1F-0B5E94630CA4}.Release|ARM64.Deploy.0 = Release|Any CPU
		{AF147AD7-9FD4-4E4A-9D1F-0B5E94630CA4}.Release|x64.ActiveCfg = Release|Any CPU
		{AF147AD7-9FD4-4E4A-9D1F-0B5E94630CA4}.Release|x64.Build.0 = Release|Any CPU
		{AF147AD7-9FD4-4E4A-9D1F-0B5E94630CA4}.Release|x64.Deploy.0 = Release|Any CPU
		{AF147AD7-9FD4-4E4A-9D1F-0B5E94630CA4}.Release|x86.ActiveCfg = Release|Any CPU
		{AF147AD7-9FD4-4E4A-9D1F-0B5E94630CA4}.Release|x86.Build.0 = Release|Any CPU
		{AF147AD7-9FD4-4E4A-9D1F-0B5E94630CA4}.Release|x86.Deploy.0 = Release|Any CPU
	EndGlobalSection
	GlobalSection(SolutionProperties) = preSolution
		HideSolutionNode = FALSE
	EndGlobalSection
	GlobalSection(NestedProjects) = preSolution
		{49791FFA-8106-461E-8B99-90E016E74655} = {AD59EA50-8B3B-4009-8EAA-543379C57DB0}
		{BA7535D1-B8AE-4587-BE2A-2F88E77499EC} = {95A2E6E2-F44C-4D1F-93D8-E7513936E662}
		{3453A519-A81A-4500-BEE3-E174847F144D} = {5FEEA7F9-BD04-4B27-86EC-0620396C37E3}
		{98503B44-F224-4807-85C0-DBB977E165D3} = {5FEEA7F9-BD04-4B27-86EC-0620396C37E3}
		{32F56D57-853E-48C9-8A4E-B57E55845A22} = {AD59EA50-8B3B-4009-8EAA-543379C57DB0}
		{AD59EA50-8B3B-4009-8EAA-543379C57DB0} = {5FEEA7F9-BD04-4B27-86EC-0620396C37E3}
		{65378D84-53F8-4A33-AEF6-FF3745AAAC00} = {AD59EA50-8B3B-4009-8EAA-543379C57DB0}
		{2711A5A9-7569-4F67-BF82-2C6F16A0321F} = {AD59EA50-8B3B-4009-8EAA-543379C57DB0}
		{898F3C67-DAB4-4B73-845B-479E122B729B} = {AD59EA50-8B3B-4009-8EAA-543379C57DB0}
		{03701459-763E-4B3A-ACD7-17CB487B026C} = {95A2E6E2-F44C-4D1F-93D8-E7513936E662}
		{3357518D-AD38-4937-BB6A-FCAF7D47C0D3} = {AD59EA50-8B3B-4009-8EAA-543379C57DB0}
	EndGlobalSection
	GlobalSection(ExtensibilityGlobals) = postSolution
		SolutionGuid = {2D8A82A5-5672-464C-A953-E52A3FCDF1AE}
	EndGlobalSection
	GlobalSection(SharedMSBuildProjectFiles) = preSolution
		PlatformHeads\Desktop\Pix2d.Desktop.Shared\Pix2d.Desktop.Shared.projitems*{2711a5a9-7569-4f67-bf82-2c6f16a0321f}*SharedItemsImports = 5
		PlatformHeads\Desktop\Pix2d.Desktop.Shared\Pix2d.Desktop.Shared.projitems*{32f56d57-853e-48c9-8a4e-b57e55845a22}*SharedItemsImports = 13
		PlatformHeads\Desktop\Pix2d.Desktop.Shared\Pix2d.Desktop.Shared.projitems*{3357518d-ad38-4937-bb6a-fcaf7d47c0d3}*SharedItemsImports = 5
		PlatformHeads\Desktop\Pix2d.Desktop.Shared\Pix2d.Desktop.Shared.projitems*{49791ffa-8106-461e-8b99-90e016e74655}*SharedItemsImports = 5
		PlatformHeads\Desktop\Pix2d.Desktop.Shared\Pix2d.Desktop.Shared.projitems*{65378d84-53f8-4a33-aef6-ff3745aaac00}*SharedItemsImports = 5
	EndGlobalSection
EndGlobal
