<Solution>
  <Configurations>
    <Platform Name="Any CPU" />
    <Platform Name="ARM64" />
    <Platform Name="x64" />
  </Configurations>
  <Folder Name="/Core/">
    <Project Path="Core/Pix2d.Core/Pix2d.Core.csproj">
      <Platform Solution="*|ARM64" Project="ARM64" />
      <Platform Solution="*|x64" Project="x64" />
    </Project>
    <Project Path="Core/Pix2d.Infrastructure/Pix2d.Infrastructure.csproj">
      <Platform Solution="*|ARM64" Project="ARM64" />
      <Platform Solution="*|x64" Project="x64" />
    </Project>
    <Project Path="Core/Pix2d.Shared/Pix2d.Shared.csproj">
      <Platform Solution="*|ARM64" Project="ARM64" />
      <Platform Solution="*|x64" Project="x64" />
    </Project>
    <Project Path="Core/SkiaNodes/SkiaNodes.csproj">
      <Platform Solution="Debug|ARM64" Project="ARM64" />
      <Platform Solution="Debug|x64" Project="x64" />
    </Project>
  </Folder>
  <Folder Name="/Heads/">
    <Project Path="Heads/Pix2d.Browser/Pix2d.Browser.csproj">
      <Platform Solution="*|ARM64" Project="ARM64" />
      <Platform Solution="*|x64" Project="x64" />
    </Project>
    <Project Path="Heads/Pix2d.Desktop/Pix2d.Desktop.csproj">
      <Platform Solution="*|ARM64" Project="ARM64" />
      <Platform Solution="*|x64" Project="x64" />
    </Project>
    <Project Path="Heads/Pix2d.Droid/Pix2d.Droid.csproj">
      <Deploy />
    </Project>
  </Folder>
  <Folder Name="/Plugins/">
    <Project Path="Plugins/Pix2d.Plugins.Ai/Pix2d.Plugins.Ai.csproj">
      <Platform Solution="*|ARM64" Project="ARM64" />
      <Platform Solution="*|x64" Project="x64" />
    </Project>
    <Project Path="Plugins/Pix2d.Plugins.OpenCv/Pix2d.Plugins.OpenCv.csproj">
      <Platform Solution="*|ARM64" Project="ARM64" />
      <Platform Solution="*|x64" Project="x64" />
    </Project>
    <Project Path="Plugins/Pix2d.Plugins.SimplePlugin/Pix2d.Plugins.Simple.csproj">
      <Platform Solution="*|ARM64" Project="ARM64" />
      <Platform Solution="*|x64" Project="x64" />
    </Project>
  </Folder>
  <Folder Name="/Plugins/Formats/">
    <Project Path="Plugins/FormatSupport/Psd/Pix2d.Plugins.Psd/Pix2d.Plugins.Psd.csproj">
      <Platform Solution="*|ARM64" Project="ARM64" />
      <Platform Solution="*|x64" Project="x64" />
    </Project>
  </Folder>
  <Folder Name="/_GlobalItems/">
    <File Path="../.github/workflows/attach-store-msix.yml" />
    <File Path="../.github/workflows/release-publish.yml" />
    <File Path="../.github/workflows/store-submission-inspect.yml" />
    <File Path="Directory.Build.props" />
    <File Path="nuget.config" />
  </Folder>
</Solution>
